{
  "requires": true,
  "lockfileVersion": 1,
  "dependencies": {
    "react-daypicker": {
      "version": "3.0.8",
      "resolved": "https://registry.npmjs.org/react-daypicker/-/react-daypicker-3.0.8.tgz",
      "integrity": "sha512-/VZNxe3U2tMl8leRFVHQyubqjzbcY2maQx6BqQddcTd+QqHbMy/60JmFJKcKSI07g7z14B5SFnsB5VkWVqdLNg=="
    }
  }
}
