# THIS IS AN AUTOGENERATED FILE. DO NOT EDIT THIS FILE DIRECTLY.
# yarn lockfile v1


react-daypicker@^3.0.8:
  version "3.0.8"
  resolved "https://registry.yarnpkg.com/react-daypicker/-/react-daypicker-3.0.8.tgz#cb6b5c4827887a419eb878788e6de137500aeaa2"
  integrity sha512-/VZNxe3U2tMl8leRFVHQyubqjzbcY2maQx6BqQddcTd+QqHbMy/60JmFJKcKSI07g7z14B5SFnsB5VkWVqdLNg==
